
Microsoft Visual Studio Solution File, Format Version 12.00
# Visual Studio Version 16
VisualStudioVersion = 16.0.36227.6
MinimumVisualStudioVersion = 10.0.40219.1
Project("{8BC9CEB8-8B4A-11D0-8D11-00A0C91BC942}") = "WeChatVideo", "WeChatVideo.vcxproj", "{FE5E1815-DE0F-4CE4-979F-038EA4CAAB4D}"
EndProject
Global
	GlobalSection(SolutionConfigurationPlatforms) = preSolution
		Debug|x64 = Debug|x64
		Debug|x86 = Debug|x86
		Release|x64 = Release|x64
		Release|x86 = Release|x86
	EndGlobalSection
	GlobalSection(ProjectConfigurationPlatforms) = postSolution
		{FE5E1815-DE0F-4CE4-979F-038EA4CAAB4D}.Debug|x64.ActiveCfg = Debug|x64
		{FE5E1815-DE0F-4CE4-979F-038EA4CAAB4D}.Debug|x64.Build.0 = Debug|x64
		{FE5E1815-DE0F-4CE4-979F-038EA4CAAB4D}.Debug|x86.ActiveCfg = Debug|Win32
		{FE5E1815-DE0F-4CE4-979F-038EA4CAAB4D}.Debug|x86.Build.0 = Debug|Win32
		{FE5E1815-DE0F-4CE4-979F-038EA4CAAB4D}.Release|x64.ActiveCfg = Release|x64
		{FE5E1815-DE0F-4CE4-979F-038EA4CAAB4D}.Release|x64.Build.0 = Release|x64
		{FE5E1815-DE0F-4CE4-979F-038EA4CAAB4D}.Release|x86.ActiveCfg = Release|Win32
		{FE5E1815-DE0F-4CE4-979F-038EA4CAAB4D}.Release|x86.Build.0 = Release|Win32
	EndGlobalSection
	GlobalSection(SolutionProperties) = preSolution
		HideSolutionNode = FALSE
	EndGlobalSection
	GlobalSection(ExtensibilityGlobals) = postSolution
		SolutionGuid = {C6501DEE-9DA1-4086-A029-B2A238FCFA61}
	EndGlobalSection
EndGlobal
